
Microsoft Visual Studio Solution File, Format Version 12.00
# Visual Studio Version 17
VisualStudioVersion = 17.6.33712.159
MinimumVisualStudioVersion = 10.0.40219.1
Project("{FAE04EC0-301F-11D3-BF4B-00C04F79EFBC}") = "Консоль Практическое задание №3", "Консоль Практическое задание №3\Консоль Практическое задание №3.csproj", "{8EFEE684-C6D9-4553-B14E-BE4906FB2EE7}"
EndProject
Global
	GlobalSection(SolutionConfigurationPlatforms) = preSolution
		Debug|Any CPU = Debug|Any CPU
		Release|Any CPU = Release|Any CPU
	EndGlobalSection
	GlobalSection(ProjectConfigurationPlatforms) = postSolution
		{8EFEE684-C6D9-4553-B14E-BE4906FB2EE7}.Debug|Any CPU.ActiveCfg = Debug|Any CPU
		{8EFEE684-C6D9-4553-B14E-BE4906FB2EE7}.Debug|Any CPU.Build.0 = Debug|Any CPU
		{8EFEE684-C6D9-4553-B14E-BE4906FB2EE7}.Release|Any CPU.ActiveCfg = Release|Any CPU
		{8EFEE684-C6D9-4553-B14E-BE4906FB2EE7}.Release|Any CPU.Build.0 = Release|Any CPU
	EndGlobalSection
	GlobalSection(SolutionProperties) = preSolution
		HideSolutionNode = FALSE
	EndGlobalSection
	GlobalSection(ExtensibilityGlobals) = postSolution
		SolutionGuid = {94998B5B-4A99-4F4F-8B6B-508FCC6FC41C}
	EndGlobalSection
EndGlobal
